
Microsoft Visual Studio Solution File, Format Version 12.00
# Visual Studio 14
VisualStudioVersion = 14.0.22823.1
MinimumVisualStudioVersion = 10.0.40219.1
Project("{FAE04EC0-301F-11D3-BF4B-00C04F79EFBC}") = "Myth.FileSplitSender", "Myth.FileSplitSender\Myth.FileSplitSender.csproj", "{76F57AC3-1FA8-43DB-B871-3CE27977105B}"
EndProject
Project("{FAE04EC0-301F-11D3-BF4B-00C04F79EFBC}") = "Myth.FileSplitSender.Core", "Myth.FileSplitSender.Core\Myth.FileSplitSender.Core.csproj", "{2EBB59E0-0A32-4718-954E-4EAE7E532F8D}"
EndProject
Project("{FAE04EC0-301F-11D3-BF4B-00C04F79EFBC}") = "Myth.FileSplitSender.Outlook", "Myth.FileSplitSender.Outlook\Myth.FileSplitSender.Outlook.csproj", "{90F77DE5-C972-4781-88D2-6B65ED734843}"
EndProject
Global
	GlobalSection(SolutionConfigurationPlatforms) = preSolution
		Debug|Any CPU = Debug|Any CPU
		Release|Any CPU = Release|Any CPU
	EndGlobalSection
	GlobalSection(ProjectConfigurationPlatforms) = postSolution
		{76F57AC3-1FA8-43DB-B871-3CE27977105B}.Debug|Any CPU.ActiveCfg = Debug|Any CPU
		{76F57AC3-1FA8-43DB-B871-3CE27977105B}.Debug|Any CPU.Build.0 = Debug|Any CPU
		{76F57AC3-1FA8-43DB-B871-3CE27977105B}.Release|Any CPU.ActiveCfg = Release|Any CPU
		{76F57AC3-1FA8-43DB-B871-3CE27977105B}.Release|Any CPU.Build.0 = Release|Any CPU
		{2EBB59E0-0A32-4718-954E-4EAE7E532F8D}.Debug|Any CPU.ActiveCfg = Debug|Any CPU
		{2EBB59E0-0A32-4718-954E-4EAE7E532F8D}.Debug|Any CPU.Build.0 = Debug|Any CPU
		{2EBB59E0-0A32-4718-954E-4EAE7E532F8D}.Release|Any CPU.ActiveCfg = Release|Any CPU
		{2EBB59E0-0A32-4718-954E-4EAE7E532F8D}.Release|Any CPU.Build.0 = Release|Any CPU
		{90F77DE5-C972-4781-88D2-6B65ED734843}.Debug|Any CPU.ActiveCfg = Debug|Any CPU
		{90F77DE5-C972-4781-88D2-6B65ED734843}.Debug|Any CPU.Build.0 = Debug|Any CPU
		{90F77DE5-C972-4781-88D2-6B65ED734843}.Release|Any CPU.ActiveCfg = Release|Any CPU
		{90F77DE5-C972-4781-88D2-6B65ED734843}.Release|Any CPU.Build.0 = Release|Any CPU
	EndGlobalSection
	GlobalSection(SolutionProperties) = preSolution
		HideSolutionNode = FALSE
	EndGlobalSection
EndGlobal
